// !$*UTF8*$!
{
	archiveVersion = 1;
	classes = {
	};
	objectVersion = 50;
	objects = {

/* Begin PBXBuildFile section */
		3F93339F268264D0006EA379 /* List_and_PeopleApp.swift in Sources */ = {isa = PBXBuildFile; fileRef = 3F93339E268264D0006EA379 /* List_and_PeopleApp.swift */; };
		3F9333A1268264D0006EA379 /* ContentView.swift in Sources */ = {isa = PBXBuildFile; fileRef = 3F9333A0268264D0006EA379 /* ContentView.swift */; };
		3F9333A3268264D1006EA379 /* Assets.xcassets in Resources */ = {isa = PBXBuildFile; fileRef = 3F9333A2268264D1006EA379 /* Assets.xcassets */; };
		3F9333A6268264D1006EA379 /* Preview Assets.xcassets in Resources */ = {isa = PBXBuildFile; fileRef = 3F9333A5268264D1006EA379 /* Preview Assets.xcassets */; };
		3F9333B1268264D1006EA379 /* List_and_PeopleTests.swift in Sources */ = {isa = PBXBuildFile; fileRef = 3F9333B0268264D1006EA379 /* List_and_PeopleTests.swift */; };
		3F9333BC268264D1006EA379 /* List_and_PeopleUITests.swift in Sources */ = {isa = PBXBuildFile; fileRef = 3F9333BB268264D1006EA379 /* List_and_PeopleUITests.swift */; };
		3F9333CB2682651A006EA379 /* Person.swift in Sources */ = {isa = PBXBuildFile; fileRef = 3F9333CA2682651A006EA379 /* Person.swift */; };
		3F9333CD268265B6006EA379 /* RandomPersonGenerator.swift in Sources */ = {isa = PBXBuildFile; fileRef = 3F9333CC268265B6006EA379 /* RandomPersonGenerator.swift */; };
		3F9333CE26826AE7006EA379 /* Person.swift in Sources */ = {isa = PBXBuildFile; fileRef = 3F9333CA2682651A006EA379 /* Person.swift */; };
		3F9333CF26826AEB006EA379 /* RandomPersonGenerator.swift in Sources */ = {isa = PBXBuildFile; fileRef = 3F9333CC268265B6006EA379 /* RandomPersonGenerator.swift */; };
		3F9333D126826D58006EA379 /* PersonsRepository.swift in Sources */ = {isa = PBXBuildFile; fileRef = 3F9333D026826D58006EA379 /* PersonsRepository.swift */; };
/* End PBXBuildFile section */

/* Begin PBXContainerItemProxy section */
		3F9333AD268264D1006EA379 /* PBXContainerItemProxy */ = {
			isa = PBXContainerItemProxy;
			containerPortal = 3F933393268264D0006EA379 /* Project object */;
			proxyType = 1;
			remoteGlobalIDString = 3F93339A268264D0006EA379;
			remoteInfo = "List and People";
		};
		3F9333B8268264D1006EA379 /* PBXContainerItemProxy */ = {
			isa = PBXContainerItemProxy;
			containerPortal = 3F933393268264D0006EA379 /* Project object */;
			proxyType = 1;
			remoteGlobalIDString = 3F93339A268264D0006EA379;
			remoteInfo = "List and People";
		};
/* End PBXContainerItemProxy section */

/* Begin PBXFileReference section */
		3F93339B268264D0006EA379 /* List and People.app */ = {isa = PBXFileReference; explicitFileType = wrapper.application; includeInIndex = 0; path = "List and People.app"; sourceTree = BUILT_PRODUCTS_DIR; };
		3F93339E268264D0006EA379 /* List_and_PeopleApp.swift */ = {isa = PBXFileReference; lastKnownFileType = sourcecode.swift; path = List_and_PeopleApp.swift; sourceTree = "<group>"; };
		3F9333A0268264D0006EA379 /* ContentView.swift */ = {isa = PBXFileReference; lastKnownFileType = sourcecode.swift; path = ContentView.swift; sourceTree = "<group>"; };
		3F9333A2268264D1006EA379 /* Assets.xcassets */ = {isa = PBXFileReference; lastKnownFileType = folder.assetcatalog; path = Assets.xcassets; sourceTree = "<group>"; };
		3F9333A5268264D1006EA379 /* Preview Assets.xcassets */ = {isa = PBXFileReference; lastKnownFileType = folder.assetcatalog; path = "Preview Assets.xcassets"; sourceTree = "<group>"; };
		3F9333A7268264D1006EA379 /* Info.plist */ = {isa = PBXFileReference; lastKnownFileType = text.plist.xml; path = Info.plist; sourceTree = "<group>"; };
		3F9333AC268264D1006EA379 /* List and PeopleTests.xctest */ = {isa = PBXFileReference; explicitFileType = wrapper.cfbundle; includeInIndex = 0; path = "List and PeopleTests.xctest"; sourceTree = BUILT_PRODUCTS_DIR; };
		3F9333B0268264D1006EA379 /* List_and_PeopleTests.swift */ = {isa = PBXFileReference; lastKnownFileType = sourcecode.swift; path = List_and_PeopleTests.swift; sourceTree = "<group>"; };
		3F9333B2268264D1006EA379 /* Info.plist */ = {isa = PBXFileReference; lastKnownFileType = text.plist.xml; path = Info.plist; sourceTree = "<group>"; };
		3F9333B7268264D1006EA379 /* List and PeopleUITests.xctest */ = {isa = PBXFileReference; explicitFileType = wrapper.cfbundle; includeInIndex = 0; path = "List and PeopleUITests.xctest"; sourceTree = BUILT_PRODUCTS_DIR; };
		3F9333BB268264D1006EA379 /* List_and_PeopleUITests.swift */ = {isa = PBXFileReference; lastKnownFileType = sourcecode.swift; path = List_and_PeopleUITests.swift; sourceTree = "<group>"; };
		3F9333BD268264D1006EA379 /* Info.plist */ = {isa = PBXFileReference; lastKnownFileType = text.plist.xml; path = Info.plist; sourceTree = "<group>"; };
		3F9333CA2682651A006EA379 /* Person.swift */ = {isa = PBXFileReference; lastKnownFileType = sourcecode.swift; path = Person.swift; sourceTree = "<group>"; };
		3F9333CC268265B6006EA379 /* RandomPersonGenerator.swift */ = {isa = PBXFileReference; lastKnownFileType = sourcecode.swift; path = RandomPersonGenerator.swift; sourceTree = "<group>"; };
		3F9333D026826D58006EA379 /* PersonsRepository.swift */ = {isa = PBXFileReference; lastKnownFileType = sourcecode.swift; path = PersonsRepository.swift; sourceTree = "<group>"; };
		3F9333D226827474006EA379 /* README.md */ = {isa = PBXFileReference; lastKnownFileType = net.daringfireball.markdown; path = README.md; sourceTree = "<group>"; };
/* End PBXFileReference section */

/* Begin PBXFrameworksBuildPhase section */
		3F933398268264D0006EA379 /* Frameworks */ = {
			isa = PBXFrameworksBuildPhase;
			buildActionMask = 2147483647;
			files = (
			);
			runOnlyForDeploymentPostprocessing = 0;
		};
		3F9333A9268264D1006EA379 /* Frameworks */ = {
			isa = PBXFrameworksBuildPhase;
			buildActionMask = 2147483647;
			files = (
			);
			runOnlyForDeploymentPostprocessing = 0;
		};
		3F9333B4268264D1006EA379 /* Frameworks */ = {
			isa = PBXFrameworksBuildPhase;
			buildActionMask = 2147483647;
			files = (
			);
			runOnlyForDeploymentPostprocessing = 0;
		};
/* End PBXFrameworksBuildPhase section */

/* Begin PBXGroup section */
		3F933392268264D0006EA379 = {
			isa = PBXGroup;
			children = (
				3F9333D226827474006EA379 /* README.md */,
				3F93339D268264D0006EA379 /* List and People */,
				3F9333AF268264D1006EA379 /* List and PeopleTests */,
				3F9333BA268264D1006EA379 /* List and PeopleUITests */,
				3F93339C268264D0006EA379 /* Products */,
			);
			sourceTree = "<group>";
		};
		3F93339C268264D0006EA379 /* Products */ = {
			isa = PBXGroup;
			children = (
				3F93339B268264D0006EA379 /* List and People.app */,
				3F9333AC268264D1006EA379 /* List and PeopleTests.xctest */,
				3F9333B7268264D1006EA379 /* List and PeopleUITests.xctest */,
			);
			name = Products;
			sourceTree = "<group>";
		};
		3F93339D268264D0006EA379 /* List and People */ = {
			isa = PBXGroup;
			children = (
				3F9333C9268264F5006EA379 /* Data */,
				3F93339E268264D0006EA379 /* List_and_PeopleApp.swift */,
				3F9333A0268264D0006EA379 /* ContentView.swift */,
				3F9333A2268264D1006EA379 /* Assets.xcassets */,
				3F9333A7268264D1006EA379 /* Info.plist */,
				3F9333A4268264D1006EA379 /* Preview Content */,
			);
			path = "List and People";
			sourceTree = "<group>";
		};
		3F9333A4268264D1006EA379 /* Preview Content */ = {
			isa = PBXGroup;
			children = (
				3F9333A5268264D1006EA379 /* Preview Assets.xcassets */,
			);
			path = "Preview Content";
			sourceTree = "<group>";
		};
		3F9333AF268264D1006EA379 /* List and PeopleTests */ = {
			isa = PBXGroup;
			children = (
				3F9333B0268264D1006EA379 /* List_and_PeopleTests.swift */,
				3F9333B2268264D1006EA379 /* Info.plist */,
			);
			path = "List and PeopleTests";
			sourceTree = "<group>";
		};
		3F9333BA268264D1006EA379 /* List and PeopleUITests */ = {
			isa = PBXGroup;
			children = (
				3F9333BB268264D1006EA379 /* List_and_PeopleUITests.swift */,
				3F9333BD268264D1006EA379 /* Info.plist */,
			);
			path = "List and PeopleUITests";
			sourceTree = "<group>";
		};
		3F9333C9268264F5006EA379 /* Data */ = {
			isa = PBXGroup;
			children = (
				3F9333CA2682651A006EA379 /* Person.swift */,
				3F9333CC268265B6006EA379 /* RandomPersonGenerator.swift */,
				3F9333D026826D58006EA379 /* PersonsRepository.swift */,
			);
			path = Data;
			sourceTree = "<group>";
		};
/* End PBXGroup section */

/* Begin PBXNativeTarget section */
		3F93339A268264D0006EA379 /* List and People */ = {
			isa = PBXNativeTarget;
			buildConfigurationList = 3F9333C0268264D1006EA379 /* Build configuration list for PBXNativeTarget "List and People" */;
			buildPhases = (
				3F933397268264D0006EA379 /* Sources */,
				3F933398268264D0006EA379 /* Frameworks */,
				3F933399268264D0006EA379 /* Resources */,
			);
			buildRules = (
			);
			dependencies = (
			);
			name = "List and People";
			productName = "List and People";
			productReference = 3F93339B268264D0006EA379 /* List and People.app */;
			productType = "com.apple.product-type.application";
		};
		3F9333AB268264D1006EA379 /* List and PeopleTests */ = {
			isa = PBXNativeTarget;
			buildConfigurationList = 3F9333C3268264D1006EA379 /* Build configuration list for PBXNativeTarget "List and PeopleTests" */;
			buildPhases = (
				3F9333A8268264D1006EA379 /* Sources */,
				3F9333A9268264D1006EA379 /* Frameworks */,
				3F9333AA268264D1006EA379 /* Resources */,
			);
			buildRules = (
			);
			dependencies = (
				3F9333AE268264D1006EA379 /* PBXTargetDependency */,
			);
			name = "List and PeopleTests";
			productName = "List and PeopleTests";
			productReference = 3F9333AC268264D1006EA379 /* List and PeopleTests.xctest */;
			productType = "com.apple.product-type.bundle.unit-test";
		};
		3F9333B6268264D1006EA379 /* List and PeopleUITests */ = {
			isa = PBXNativeTarget;
			buildConfigurationList = 3F9333C6268264D1006EA379 /* Build configuration list for PBXNativeTarget "List and PeopleUITests" */;
			buildPhases = (
				3F9333B3268264D1006EA379 /* Sources */,
				3F9333B4268264D1006EA379 /* Frameworks */,
				3F9333B5268264D1006EA379 /* Resources */,
			);
			buildRules = (
			);
			dependencies = (
				3F9333B9268264D1006EA379 /* PBXTargetDependency */,
			);
			name = "List and PeopleUITests";
			productName = "List and PeopleUITests";
			productReference = 3F9333B7268264D1006EA379 /* List and PeopleUITests.xctest */;
			productType = "com.apple.product-type.bundle.ui-testing";
		};
/* End PBXNativeTarget section */

/* Begin PBXProject section */
		3F933393268264D0006EA379 /* Project object */ = {
			isa = PBXProject;
			attributes = {
				LastSwiftUpdateCheck = 1250;
				LastUpgradeCheck = 1250;
				TargetAttributes = {
					3F93339A268264D0006EA379 = {
						CreatedOnToolsVersion = 12.5.1;
					};
					3F9333AB268264D1006EA379 = {
						CreatedOnToolsVersion = 12.5.1;
						TestTargetID = 3F93339A268264D0006EA379;
					};
					3F9333B6268264D1006EA379 = {
						CreatedOnToolsVersion = 12.5.1;
						TestTargetID = 3F93339A268264D0006EA379;
					};
				};
			};
			buildConfigurationList = 3F933396268264D0006EA379 /* Build configuration list for PBXProject "List and People" */;
			compatibilityVersion = "Xcode 9.3";
			developmentRegion = en;
			hasScannedForEncodings = 0;
			knownRegions = (
				en,
				Base,
			);
			mainGroup = 3F933392268264D0006EA379;
			productRefGroup = 3F93339C268264D0006EA379 /* Products */;
			projectDirPath = "";
			projectRoot = "";
			targets = (
				3F93339A268264D0006EA379 /* List and People */,
				3F9333AB268264D1006EA379 /* List and PeopleTests */,
				3F9333B6268264D1006EA379 /* List and PeopleUITests */,
			);
		};
/* End PBXProject section */

/* Begin PBXResourcesBuildPhase section */
		3F933399268264D0006EA379 /* Resources */ = {
			isa = PBXResourcesBuildPhase;
			buildActionMask = 2147483647;
			files = (
				3F9333A6268264D1006EA379 /* Preview Assets.xcassets in Resources */,
				3F9333A3268264D1006EA379 /* Assets.xcassets in Resources */,
			);
			runOnlyForDeploymentPostprocessing = 0;
		};
		3F9333AA268264D1006EA379 /* Resources */ = {
			isa = PBXResourcesBuildPhase;
			buildActionMask = 2147483647;
			files = (
			);
			runOnlyForDeploymentPostprocessing = 0;
		};
		3F9333B5268264D1006EA379 /* Resources */ = {
			isa = PBXResourcesBuildPhase;
			buildActionMask = 2147483647;
			files = (
			);
			runOnlyForDeploymentPostprocessing = 0;
		};
/* End PBXResourcesBuildPhase section */

/* Begin PBXSourcesBuildPhase section */
		3F933397268264D0006EA379 /* Sources */ = {
			isa = PBXSourcesBuildPhase;
			buildActionMask = 2147483647;
			files = (
				3F9333CB2682651A006EA379 /* Person.swift in Sources */,
				3F9333CD268265B6006EA379 /* RandomPersonGenerator.swift in Sources */,
				3F9333D126826D58006EA379 /* PersonsRepository.swift in Sources */,
				3F9333A1268264D0006EA379 /* ContentView.swift in Sources */,
				3F93339F268264D0006EA379 /* List_and_PeopleApp.swift in Sources */,
			);
			runOnlyForDeploymentPostprocessing = 0;
		};
		3F9333A8268264D1006EA379 /* Sources */ = {
			isa = PBXSourcesBuildPhase;
			buildActionMask = 2147483647;
			files = (
				3F9333CE26826AE7006EA379 /* Person.swift in Sources */,
				3F9333CF26826AEB006EA379 /* RandomPersonGenerator.swift in Sources */,
				3F9333B1268264D1006EA379 /* List_and_PeopleTests.swift in Sources */,
			);
			runOnlyForDeploymentPostprocessing = 0;
		};
		3F9333B3268264D1006EA379 /* Sources */ = {
			isa = PBXSourcesBuildPhase;
			buildActionMask = 2147483647;
			files = (
				3F9333BC268264D1006EA379 /* List_and_PeopleUITests.swift in Sources */,
			);
			runOnlyForDeploymentPostprocessing = 0;
		};
/* End PBXSourcesBuildPhase section */

/* Begin PBXTargetDependency section */
		3F9333AE268264D1006EA379 /* PBXTargetDependency */ = {
			isa = PBXTargetDependency;
			target = 3F93339A268264D0006EA379 /* List and People */;
			targetProxy = 3F9333AD268264D1006EA379 /* PBXContainerItemProxy */;
		};
		3F9333B9268264D1006EA379 /* PBXTargetDependency */ = {
			isa = PBXTargetDependency;
			target = 3F93339A268264D0006EA379 /* List and People */;
			targetProxy = 3F9333B8268264D1006EA379 /* PBXContainerItemProxy */;
		};
/* End PBXTargetDependency section */

/* Begin XCBuildConfiguration section */
		3F9333BE268264D1006EA379 /* Debug */ = {
			isa = XCBuildConfiguration;
			buildSettings = {
				ALWAYS_SEARCH_USER_PATHS = NO;
				CLANG_ANALYZER_NONNULL = YES;
				CLANG_ANALYZER_NUMBER_OBJECT_CONVERSION = YES_AGGRESSIVE;
				CLANG_CXX_LANGUAGE_STANDARD = "gnu++14";
				CLANG_CXX_LIBRARY = "libc++";
				CLANG_ENABLE_MODULES = YES;
				CLANG_ENABLE_OBJC_ARC = YES;
				CLANG_ENABLE_OBJC_WEAK = YES;
				CLANG_WARN_BLOCK_CAPTURE_AUTORELEASING = YES;
				CLANG_WARN_BOOL_CONVERSION = YES;
				CLANG_WARN_COMMA = YES;
				CLANG_WARN_CONSTANT_CONVERSION = YES;
				CLANG_WARN_DEPRECATED_OBJC_IMPLEMENTATIONS = YES;
				CLANG_WARN_DIRECT_OBJC_ISA_USAGE = YES_ERROR;
				CLANG_WARN_DOCUMENTATION_COMMENTS = YES;
				CLANG_WARN_EMPTY_BODY = YES;
				CLANG_WARN_ENUM_CONVERSION = YES;
				CLANG_WARN_INFINITE_RECURSION = YES;
				CLANG_WARN_INT_CONVERSION = YES;
				CLANG_WARN_NON_LITERAL_NULL_CONVERSION = YES;
				CLANG_WARN_OBJC_IMPLICIT_RETAIN_SELF = YES;
				CLANG_WARN_OBJC_LITERAL_CONVERSION = YES;
				CLANG_WARN_OBJC_ROOT_CLASS = YES_ERROR;
				CLANG_WARN_QUOTED_INCLUDE_IN_FRAMEWORK_HEADER = YES;
				CLANG_WARN_RANGE_LOOP_ANALYSIS = YES;
				CLANG_WARN_STRICT_PROTOTYPES = YES;
				CLANG_WARN_SUSPICIOUS_MOVE = YES;
				CLANG_WARN_UNGUARDED_AVAILABILITY = YES_AGGRESSIVE;
				CLANG_WARN_UNREACHABLE_CODE = YES;
				CLANG_WARN__DUPLICATE_METHOD_MATCH = YES;
				COPY_PHASE_STRIP = NO;
				DEBUG_INFORMATION_FORMAT = dwarf;
				ENABLE_STRICT_OBJC_MSGSEND = YES;
				ENABLE_TESTABILITY = YES;
				GCC_C_LANGUAGE_STANDARD = gnu11;
				GCC_DYNAMIC_NO_PIC = NO;
				GCC_NO_COMMON_BLOCKS = YES;
				GCC_OPTIMIZATION_LEVEL = 0;
				GCC_PREPROCESSOR_DEFINITIONS = (
					"DEBUG=1",
					"$(inherited)",
				);
				GCC_WARN_64_TO_32_BIT_CONVERSION = YES;
				GCC_WARN_ABOUT_RETURN_TYPE = YES_ERROR;
				GCC_WARN_UNDECLARED_SELECTOR = YES;
				GCC_WARN_UNINITIALIZED_AUTOS = YES_AGGRESSIVE;
				GCC_WARN_UNUSED_FUNCTION = YES;
				GCC_WARN_UNUSED_VARIABLE = YES;
				IPHONEOS_DEPLOYMENT_TARGET = 14.5;
				MTL_ENABLE_DEBUG_INFO = INCLUDE_SOURCE;
				MTL_FAST_MATH = YES;
				ONLY_ACTIVE_ARCH = YES;
				SDKROOT = iphoneos;
				SWIFT_ACTIVE_COMPILATION_CONDITIONS = DEBUG;
				SWIFT_OPTIMIZATION_LEVEL = "-Onone";
			};
			name = Debug;
		};
		3F9333BF268264D1006EA379 /* Release */ = {
			isa = XCBuildConfiguration;
			buildSettings = {
				ALWAYS_SEARCH_USER_PATHS = NO;
				CLANG_ANALYZER_NONNULL = YES;
				CLANG_ANALYZER_NUMBER_OBJECT_CONVERSION = YES_AGGRESSIVE;
				CLANG_CXX_LANGUAGE_STANDARD = "gnu++14";
				CLANG_CXX_LIBRARY = "libc++";
				CLANG_ENABLE_MODULES = YES;
				CLANG_ENABLE_OBJC_ARC = YES;
				CLANG_ENABLE_OBJC_WEAK = YES;
				CLANG_WARN_BLOCK_CAPTURE_AUTORELEASING = YES;
				CLANG_WARN_BOOL_CONVERSION = YES;
				CLANG_WARN_COMMA = YES;
				CLANG_WARN_CONSTANT_CONVERSION = YES;
				CLANG_WARN_DEPRECATED_OBJC_IMPLEMENTATIONS = YES;
				CLANG_WARN_DIRECT_OBJC_ISA_USAGE = YES_ERROR;
				CLANG_WARN_DOCUMENTATION_COMMENTS = YES;
				CLANG_WARN_EMPTY_BODY = YES;
				CLANG_WARN_ENUM_CONVERSION = YES;
				CLANG_WARN_INFINITE_RECURSION = YES;
				CLANG_WARN_INT_CONVERSION = YES;
				CLANG_WARN_NON_LITERAL_NULL_CONVERSION = YES;
				CLANG_WARN_OBJC_IMPLICIT_RETAIN_SELF = YES;
				CLANG_WARN_OBJC_LITERAL_CONVERSION = YES;
				CLANG_WARN_OBJC_ROOT_CLASS = YES_ERROR;
				CLANG_WARN_QUOTED_INCLUDE_IN_FRAMEWORK_HEADER = YES;
				CLANG_WARN_RANGE_LOOP_ANALYSIS = YES;
				CLANG_WARN_STRICT_PROTOTYPES = YES;
				CLANG_WARN_SUSPICIOUS_MOVE = YES;
				CLANG_WARN_UNGUARDED_AVAILABILITY = YES_AGGRESSIVE;
				CLANG_WARN_UNREACHABLE_CODE = YES;
				CLANG_WARN__DUPLICATE_METHOD_MATCH = YES;
				COPY_PHASE_STRIP = NO;
				DEBUG_INFORMATION_FORMAT = "dwarf-with-dsym";
				ENABLE_NS_ASSERTIONS = NO;
				ENABLE_STRICT_OBJC_MSGSEND = YES;
				GCC_C_LANGUAGE_STANDARD = gnu11;
				GCC_NO_COMMON_BLOCKS = YES;
				GCC_WARN_64_TO_32_BIT_CONVERSION = YES;
				GCC_WARN_ABOUT_RETURN_TYPE = YES_ERROR;
				GCC_WARN_UNDECLARED_SELECTOR = YES;
				GCC_WARN_UNINITIALIZED_AUTOS = YES_AGGRESSIVE;
				GCC_WARN_UNUSED_FUNCTION = YES;
				GCC_WARN_UNUSED_VARIABLE = YES;
				IPHONEOS_DEPLOYMENT_TARGET = 14.5;
				MTL_ENABLE_DEBUG_INFO = NO;
				MTL_FAST_MATH = YES;
				SDKROOT = iphoneos;
				SWIFT_COMPILATION_MODE = wholemodule;
				SWIFT_OPTIMIZATION_LEVEL = "-O";
				VALIDATE_PRODUCT = YES;
			};
			name = Release;
		};
		3F9333C1268264D1006EA379 /* Debug */ = {
			isa = XCBuildConfiguration;
			buildSettings = {
				ASSETCATALOG_COMPILER_APPICON_NAME = AppIcon;
				ASSETCATALOG_COMPILER_GLOBAL_ACCENT_COLOR_NAME = AccentColor;
				CODE_SIGN_STYLE = Automatic;
				DEVELOPMENT_ASSET_PATHS = "\"List and People/Preview Content\"";
				DEVELOPMENT_TEAM = Q4JYUA6UF4;
				ENABLE_PREVIEWS = YES;
				INFOPLIST_FILE = "List and People/Info.plist";
				IPHONEOS_DEPLOYMENT_TARGET = 14.0;
				LD_RUNPATH_SEARCH_PATHS = (
					"$(inherited)",
					"@executable_path/Frameworks",
				);
				PRODUCT_BUNDLE_IDENTIFIER = "de.cocoa-coding.List-and-People";
				PRODUCT_NAME = "$(TARGET_NAME)";
				SWIFT_VERSION = 5.0;
				TARGETED_DEVICE_FAMILY = "1,2";
			};
			name = Debug;
		};
		3F9333C2268264D1006EA379 /* Release */ = {
			isa = XCBuildConfiguration;
			buildSettings = {
				ASSETCATALOG_COMPILER_APPICON_NAME = AppIcon;
				ASSETCATALOG_COMPILER_GLOBAL_ACCENT_COLOR_NAME = AccentColor;
				CODE_SIGN_STYLE = Automatic;
				DEVELOPMENT_ASSET_PATHS = "\"List and People/Preview Content\"";
				DEVELOPMENT_TEAM = Q4JYUA6UF4;
				ENABLE_PREVIEWS = YES;
				INFOPLIST_FILE = "List and People/Info.plist";
				IPHONEOS_DEPLOYMENT_TARGET = 14.0;
				LD_RUNPATH_SEARCH_PATHS = (
					"$(inherited)",
					"@executable_path/Frameworks",
				);
				PRODUCT_BUNDLE_IDENTIFIER = "de.cocoa-coding.List-and-People";
				PRODUCT_NAME = "$(TARGET_NAME)";
				SWIFT_VERSION = 5.0;
				TARGETED_DEVICE_FAMILY = "1,2";
			};
			name = Release;
		};
		3F9333C4268264D1006EA379 /* Debug */ = {
			isa = XCBuildConfiguration;
			buildSettings = {
				ALWAYS_EMBED_SWIFT_STANDARD_LIBRARIES = YES;
				BUNDLE_LOADER = "$(TEST_HOST)";
				CODE_SIGN_STYLE = Automatic;
				DEVELOPMENT_TEAM = Q4JYUA6UF4;
				INFOPLIST_FILE = "List and PeopleTests/Info.plist";
				IPHONEOS_DEPLOYMENT_TARGET = 14.0;
				LD_RUNPATH_SEARCH_PATHS = (
					"$(inherited)",
					"@executable_path/Frameworks",
					"@loader_path/Frameworks",
				);
				PRODUCT_BUNDLE_IDENTIFIER = "de.cocoa-coding.List-and-PeopleTests";
				PRODUCT_NAME = "$(TARGET_NAME)";
				SWIFT_VERSION = 5.0;
				TARGETED_DEVICE_FAMILY = "1,2";
				TEST_HOST = "$(BUILT_PRODUCTS_DIR)/List and People.app/List and People";
			};
			name = Debug;
		};
		3F9333C5268264D1006EA379 /* Release */ = {
			isa = XCBuildConfiguration;
			buildSettings = {
				ALWAYS_EMBED_SWIFT_STANDARD_LIBRARIES = YES;
				BUNDLE_LOADER = "$(TEST_HOST)";
				CODE_SIGN_STYLE = Automatic;
				DEVELOPMENT_TEAM = Q4JYUA6UF4;
				INFOPLIST_FILE = "List and PeopleTests/Info.plist";
				IPHONEOS_DEPLOYMENT_TARGET = 14.0;
				LD_RUNPATH_SEARCH_PATHS = (
					"$(inherited)",
					"@executable_path/Frameworks",
					"@loader_path/Frameworks",
				);
				PRODUCT_BUNDLE_IDENTIFIER = "de.cocoa-coding.List-and-PeopleTests";
				PRODUCT_NAME = "$(TARGET_NAME)";
				SWIFT_VERSION = 5.0;
				TARGETED_DEVICE_FAMILY = "1,2";
				TEST_HOST = "$(BUILT_PRODUCTS_DIR)/List and People.app/List and People";
			};
			name = Release;
		};
		3F9333C7268264D1006EA379 /* Debug */ = {
			isa = XCBuildConfiguration;
			buildSettings = {
				ALWAYS_EMBED_SWIFT_STANDARD_LIBRARIES = YES;
				CODE_SIGN_STYLE = Automatic;
				DEVELOPMENT_TEAM = Q4JYUA6UF4;
				INFOPLIST_FILE = "List and PeopleUITests/Info.plist";
				LD_RUNPATH_SEARCH_PATHS = (
					"$(inherited)",
					"@executable_path/Frameworks",
					"@loader_path/Frameworks",
				);
				PRODUCT_BUNDLE_IDENTIFIER = "de.cocoa-coding.List-and-PeopleUITests";
				PRODUCT_NAME = "$(TARGET_NAME)";
				SWIFT_VERSION = 5.0;
				TARGETED_DEVICE_FAMILY = "1,2";
				TEST_TARGET_NAME = "List and People";
			};
			name = Debug;
		};
		3F9333C8268264D1006EA379 /* Release */ = {
			isa = XCBuildConfiguration;
			buildSettings = {
				ALWAYS_EMBED_SWIFT_STANDARD_LIBRARIES = YES;
				CODE_SIGN_STYLE = Automatic;
				DEVELOPMENT_TEAM = Q4JYUA6UF4;
				INFOPLIST_FILE = "List and PeopleUITests/Info.plist";
				LD_RUNPATH_SEARCH_PATHS = (
					"$(inherited)",
					"@executable_path/Frameworks",
					"@loader_path/Frameworks",
				);
				PRODUCT_BUNDLE_IDENTIFIER = "de.cocoa-coding.List-and-PeopleUITests";
				PRODUCT_NAME = "$(TARGET_NAME)";
				SWIFT_VERSION = 5.0;
				TARGETED_DEVICE_FAMILY = "1,2";
				TEST_TARGET_NAME = "List and People";
			};
			name = Release;
		};
/* End XCBuildConfiguration section */

/* Begin XCConfigurationList section */
		3F933396268264D0006EA379 /* Build configuration list for PBXProject "List and People" */ = {
			isa = XCConfigurationList;
			buildConfigurations = (
				3F9333BE268264D1006EA379 /* Debug */,
				3F9333BF268264D1006EA379 /* Release */,
			);
			defaultConfigurationIsVisible = 0;
			defaultConfigurationName = Release;
		};
		3F9333C0268264D1006EA379 /* Build configuration list for PBXNativeTarget "List and People" */ = {
			isa = XCConfigurationList;
			buildConfigurations = (
				3F9333C1268264D1006EA379 /* Debug */,
				3F9333C2268264D1006EA379 /* Release */,
			);
			defaultConfigurationIsVisible = 0;
			defaultConfigurationName = Release;
		};
		3F9333C3268264D1006EA379 /* Build configuration list for PBXNativeTarget "List and PeopleTests" */ = {
			isa = XCConfigurationList;
			buildConfigurations = (
				3F9333C4268264D1006EA379 /* Debug */,
				3F9333C5268264D1006EA379 /* Release */,
			);
			defaultConfigurationIsVisible = 0;
			defaultConfigurationName = Release;
		};
		3F9333C6268264D1006EA379 /* Build configuration list for PBXNativeTarget "List and PeopleUITests" */ = {
			isa = XCConfigurationList;
			buildConfigurations = (
				3F9333C7268264D1006EA379 /* Debug */,
				3F9333C8268264D1006EA379 /* Release */,
			);
			defaultConfigurationIsVisible = 0;
			defaultConfigurationName = Release;
		};
/* End XCConfigurationList section */
	};
	rootObject = 3F933393268264D0006EA379 /* Project object */;
}
